# This lock file was generated by conda-lock (https://github.com/conda/conda-lock). DO NOT EDIT!
#
# A "lock file" contains a concrete list of package versions (with checksums) to be installed. Unlike
# e.g. `conda env create`, the resulting environment will not change as new package versions become
# available, unless you explicitly update the lock file.
#
# Install this environment as "YOURENV" with:
#     conda-lock install -n YOURENV conda-lock.yml
# To update a single package to the latest version compatible with the version constraints in the source:
#     conda-lock lock  --lockfile conda-lock.yml --update PACKAGE
# To re-solve the entire environment, e.g. after changing a version constraint in the source file:
#     conda-lock -f environment.yml --lockfile conda-lock.yml
version: 1
metadata:
  content_hash:
    win-64: 2a48cb53200c3cd3808aa2e137cc758b3fa03987915a24441444a1ad63d0f5e0
  channels:
  - url: pytorch
    used_env_vars: []
  - url: nvidia
    used_env_vars: []
  - url: defaults
    used_env_vars: []
  platforms:
  - win-64
  sources:
  - environment.yml
package:
- name: blas
  version: '1.0'
  manager: conda
  platform: win-64
  dependencies: {}
  url: https://repo.anaconda.com/pkgs/main/win-64/blas-1.0-mkl.conda
  hash:
    md5: 29c8be9152b7cbf29578794154d2408f
    sha256: b289fbee56e55bedc51cc333bacd32b3632a116d9d60d1176740b035dbaf44a2
  category: main
  optional: false
- name: brotli-python
  version: 1.0.9
  manager: conda
  platform: win-64
  dependencies:
    python: '>=3.11,<3.12.0a0'
    vc: '>=14.1,<15.0a0'
    vs2015_runtime: '>=14.16.27012,<15.0a0'
  url: https://repo.anaconda.com/pkgs/main/win-64/brotli-python-1.0.9-py311hd77b12b_7.conda
  hash:
    md5: 1c916fd397d1e0cc2367d230627a18f5
    sha256: 85cb75423fb191d0b4e1d1bc52c431aa76bb11e55a2ae43ac31c761b4c8e4fde
  category: main
  optional: false
- name: bzip2
  version: 1.0.8
  manager: conda
  platform: win-64
  dependencies:
    vc: '>=14.1,<15.0a0'
    vs2015_runtime: '>=14.16.27012,<15.0a0'
  url: https://repo.anaconda.com/pkgs/main/win-64/bzip2-1.0.8-h2bbff1b_5.conda
  hash:
    md5: 4ddc8c520db993a00c761e55a63e82ce
    sha256: f64d8770a8401a4db476fc2c18b5afc7c1cdd955cb7bc5ec0700c0d3a90d8e8f
  category: main
  optional: false
- name: ca-certificates
  version: 2024.3.11
  manager: conda
  platform: win-64
  dependencies: {}
  url: https://repo.anaconda.com/pkgs/main/win-64/ca-certificates-2024.3.11-haa95532_0.conda
  hash:
    md5: 04bb4168c9984b852cef1b465acd7985
    sha256: 7ce36e118b15051e78b75cee4b8705b07c55c788eba348ade06859e5f2b2b355
  category: main
  optional: false
- name: certifi
  version: 2024.2.2
  manager: conda
  platform: win-64
  dependencies:
    python: '>=3.11,<3.12.0a0'
  url: https://repo.anaconda.com/pkgs/main/win-64/certifi-2024.2.2-py311haa95532_0.conda
  hash:
    md5: 2778fd9ec616b4cb2c1b9097e0ff8ed6
    sha256: 9264f819e60b71704c8d821c519608b51716a45578e326bc524a99e6c21960b4
  category: main
  optional: false
- name: charset-normalizer
  version: 2.0.4
  manager: conda
  platform: win-64
  dependencies:
    python: '>=3.5'
  url: https://repo.anaconda.com/pkgs/main/noarch/charset-normalizer-2.0.4-pyhd3eb1b0_0.conda
  hash:
    md5: e7a441d94234b2b5fafee06e25dbf076
    sha256: b39aea12bf02654cdd0094c79bfa6edbc8d054787f6e2d0b96d403cd4ba4cc0d
  category: main
  optional: false
- name: cuda-cccl
  version: 12.4.99
  manager: conda
  platform: win-64
  dependencies: {}
  url: https://conda.anaconda.org/nvidia/win-64/cuda-cccl-12.4.99-0.tar.bz2
  hash:
    md5: 730c13efb025af7b5b13a14b3b97da03
    sha256: 9564f3c186a2d712b45174c1ee14ed48f2066fc59793cec14bef1e94da4466c5
  category: main
  optional: false
- name: cuda-cudart
  version: 12.1.105
  manager: conda
  platform: win-64
  dependencies: {}
  url: https://conda.anaconda.org/nvidia/win-64/cuda-cudart-12.1.105-0.tar.bz2
  hash:
    md5: 78c814d921464c0c5c5dabd101941784
    sha256: 76430a7d185b2980702266042bd5af6b8e934f28e22f9c1a2d290812fbc1bc25
  category: main
  optional: false
- name: cuda-cudart-dev
  version: 12.1.105
  manager: conda
  platform: win-64
  dependencies:
    cuda-cccl: ''
    cuda-cudart: '>=12.1.105'
  url: https://conda.anaconda.org/nvidia/win-64/cuda-cudart-dev-12.1.105-0.tar.bz2
  hash:
    md5: bb69943b0434bbabc57f434e103b81a3
    sha256: 8df70e408c0f6792709d7e2161ab0f7c9d0bc9f06cae0091416114e5ba81645a
  category: main
  optional: false
- name: cuda-cupti
  version: 12.1.105
  manager: conda
  platform: win-64
  dependencies: {}
  url: https://conda.anaconda.org/nvidia/win-64/cuda-cupti-12.1.105-0.tar.bz2
  hash:
    md5: b096413829ff917e9fda97491b7ee343
    sha256: ac7d2e0470a6534d81c6ae23d216912e4ccaa750d4158eed742383f0eb1442f5
  category: main
  optional: false
- name: cuda-libraries
  version: 12.1.0
  manager: conda
  platform: win-64
  dependencies:
    cuda-cudart: '>=12.1.55'
    cuda-nvrtc: '>=12.1.55'
    cuda-opencl: '>=12.1.56'
    libcublas: '>=12.1.0.26'
    libcufft: '>=11.0.2.4'
    libcurand: '>=10.3.2.56'
    libcusolver: '>=11.4.4.55'
    libcusparse: '>=12.0.2.55'
    libnpp: '>=12.0.2.50'
    libnvjitlink: '>=12.1.55'
    libnvjpeg: '>=12.1.0.39'
  url: https://conda.anaconda.org/nvidia/win-64/cuda-libraries-12.1.0-0.tar.bz2
  hash:
    md5: c05405ab40b0b61b9c016031ce93ccc4
    sha256: 08c9334a777061a0eec598c0cfc7c2fede2310df1a31c3d49cd98247e17e4f27
  category: main
  optional: false
- name: cuda-libraries-dev
  version: 12.1.0
  manager: conda
  platform: win-64
  dependencies:
    cuda-cccl: '>=12.1.55'
    cuda-cudart-dev: '>=12.1.55'
    cuda-nvrtc-dev: '>=12.1.55'
    cuda-opencl-dev: '>=12.1.56'
    cuda-profiler-api: '>=12.1.55'
    libcublas-dev: '>=12.1.0.26'
    libcufft-dev: '>=11.0.2.4'
    libcurand-dev: '>=10.3.2.56'
    libcusolver-dev: '>=11.4.4.55'
    libcusparse-dev: '>=12.0.2.55'
    libnpp-dev: '>=12.0.2.50'
    libnvjitlink-dev: '>=12.1.55'
    libnvjpeg-dev: '>=12.1.0.39'
  url: https://conda.anaconda.org/nvidia/win-64/cuda-libraries-dev-12.1.0-0.tar.bz2
  hash:
    md5: 209d96ee4429b472fc252c1386ddc720
    sha256: 26539f80f268ef822747eb7d036947938502bb215915fb4dc49a0b38764cda17
  category: main
  optional: false
- name: cuda-nvrtc
  version: 12.1.105
  manager: conda
  platform: win-64
  dependencies: {}
  url: https://conda.anaconda.org/nvidia/win-64/cuda-nvrtc-12.1.105-0.tar.bz2
  hash:
    md5: 5572930c5c92f96cb5a9f48a8ff40efb
    sha256: 30c9a6303c80b72c7a16d8c35b7f63378cff6b17453ac5a690361f6310ba69a3
  category: main
  optional: false
- name: cuda-nvrtc-dev
  version: 12.1.105
  manager: conda
  platform: win-64
  dependencies:
    cuda-nvrtc: '>=12.1.105'
  url: https://conda.anaconda.org/nvidia/win-64/cuda-nvrtc-dev-12.1.105-0.tar.bz2
  hash:
    md5: d64648e1d4f3d6195c524b473bfecc85
    sha256: 7e871f1addf3fdb9d0b3b72b2e569b34126b3a96ec8193a35f87a7a7a0fb2176
  category: main
  optional: false
- name: cuda-nvtx
  version: 12.1.105
  manager: conda
  platform: win-64
  dependencies: {}
  url: https://conda.anaconda.org/nvidia/win-64/cuda-nvtx-12.1.105-0.tar.bz2
  hash:
    md5: 1e6c51149bc1bbc121fdaad0bca4f1e7
    sha256: 172f0117677bb99baf8e1360c1ad8913d2b17fa11cde2ab81c627ddebac50538
  category: main
  optional: false
- name: cuda-opencl
  version: 12.4.99
  manager: conda
  platform: win-64
  dependencies: {}
  url: https://conda.anaconda.org/nvidia/win-64/cuda-opencl-12.4.99-0.tar.bz2
  hash:
    md5: 0e4eb12dbd2e5c2b0cd3195c5735a1d9
    sha256: 892805df6a389c70c1b89aa3d02196f52b81aa0e5177e6a2ea82da2fa3e7bf33
  category: main
  optional: false
- name: cuda-opencl-dev
  version: 12.4.99
  manager: conda
  platform: win-64
  dependencies:
    cuda-opencl: '>=12.4.99'
  url: https://conda.anaconda.org/nvidia/win-64/cuda-opencl-dev-12.4.99-0.tar.bz2
  hash:
    md5: 7e5dba4e1056e0b93453047a9b9054f4
    sha256: 9f0f04b9e70093f1578de317b2fd3a530c1fd016fe3870e5e591513e90d4527c
  category: main
  optional: false
- name: cuda-profiler-api
  version: 12.4.99
  manager: conda
  platform: win-64
  dependencies: {}
  url: https://conda.anaconda.org/nvidia/win-64/cuda-profiler-api-12.4.99-0.tar.bz2
  hash:
    md5: dea433f367f43b016886778a0b4fdfce
    sha256: 9960017be127834594dde564afa5d79a2fb9f69132f55f96ceaa751788ef051f
  category: main
  optional: false
- name: cuda-runtime
  version: 12.1.0
  manager: conda
  platform: win-64
  dependencies:
    cuda-libraries: '>=12.1.0'
  url: https://conda.anaconda.org/nvidia/win-64/cuda-runtime-12.1.0-0.tar.bz2
  hash:
    md5: fa8278d90eeeb45ef08cc359bb76028c
    sha256: 4cf8924c9717f364cf25a903abd7f281fe84146c2d4f342647614878aa3cac4e
  category: main
  optional: false
- name: filelock
  version: 3.13.1
  manager: conda
  platform: win-64
  dependencies:
    python: '>=3.11,<3.12.0a0'
  url: https://repo.anaconda.com/pkgs/main/win-64/filelock-3.13.1-py311haa95532_0.conda
  hash:
    md5: f634287f32db1363386681f8fec9f6a9
    sha256: aa260b32c26c8e9176f3102bb811d54444fae2590342629fb6e71db409b920f9
  category: main
  optional: false
- name: freetype
  version: 2.12.1
  manager: conda
  platform: win-64
  dependencies:
    libpng: '>=1.6.37,<1.7.0a0'
    vc: '>=14.1,<15.0a0'
    vs2015_runtime: '>=14.16.27012,<15.0a0'
    zlib: '>=1.2.13,<1.3.0a0'
  url: https://repo.anaconda.com/pkgs/main/win-64/freetype-2.12.1-ha860e81_0.conda
  hash:
    md5: 357321d4bf52689c19d295b08059d7da
    sha256: cdcfec619bf3eba161aca4a752e0a57acd5444e1f551565fcb11f46c33d7218d
  category: main
  optional: false
- name: gmpy2
  version: 2.1.2
  manager: conda
  platform: win-64
  dependencies:
    mpc: '>=1.1.0,<2.0a0'
    mpfr: '>=4.0.2,<5.0a0'
    mpir: ''
    python: '>=3.11,<3.12.0a0'
    vc: '>=14.1,<15.0a0'
    vs2015_runtime: '>=14.16.27012,<15.0a0'
  url: https://repo.anaconda.com/pkgs/main/win-64/gmpy2-2.1.2-py311h7f96b67_0.conda
  hash:
    md5: 650e056a968b68e84979f63ed72c1c2f
    sha256: 5975dcf5aa787fa607eaf30d8e446eecb933b97eec822edf54ffc643d8e47a49
  category: main
  optional: false
- name: idna
  version: '3.4'
  manager: conda
  platform: win-64
  dependencies:
    python: '>=3.11,<3.12.0a0'
  url: https://repo.anaconda.com/pkgs/main/win-64/idna-3.4-py311haa95532_0.conda
  hash:
    md5: 4cba12ee114bcebbc6a4bc9d32f366fe
    sha256: 1d2d6c52ab8b49fec84962bd511fed9e7b158540d80d198dc50c59371768664a
  category: main
  optional: false
- name: intel-openmp
  version: 2023.1.0
  manager: conda
  platform: win-64
  dependencies:
    vc: '>=14.1,<15.0a0'
    vs2015_runtime: '>=14.16.27012,<15.0a0'
  url: https://repo.anaconda.com/pkgs/main/win-64/intel-openmp-2023.1.0-h59b6b97_46320.conda
  hash:
    md5: 24ec0112499542d8170daa38552134d9
    sha256: 44bc9235c43ae6ad02bb2a5c06fe860a9efefdd4747ad72b21e32b76917bf1d5
  category: main
  optional: false
- name: jinja2
  version: 3.1.3
  manager: conda
  platform: win-64
  dependencies:
    markupsafe: '>=2.0'
    python: '>=3.11,<3.12.0a0'
  url: https://repo.anaconda.com/pkgs/main/win-64/jinja2-3.1.3-py311haa95532_0.conda
  hash:
    md5: f135a02faf0ec490d78ce5501fb7fe3a
    sha256: 8e389a14d45bd378471f29e29571d5f20623ba9f579a331040ee3e41444a7f0b
  category: main
  optional: false
- name: jpeg
  version: 9e
  manager: conda
  platform: win-64
  dependencies:
    vc: '>=14.1,<15.0a0'
    vs2015_runtime: '>=14.16.27012,<15.0a0'
  url: https://repo.anaconda.com/pkgs/main/win-64/jpeg-9e-h2bbff1b_1.conda
  hash:
    md5: 7e652a42819c2d3da9bd42179278f15f
    sha256: 0eaad47b16d494aa1eecb57087ec1e54af208ffc0a588380631ab387664f158c
  category: main
  optional: false
- name: lerc
  version: '3.0'
  manager: conda
  platform: win-64
  dependencies:
    vc: '>=14.1,<15.0a0'
    vs2015_runtime: '>=14.16.27012,<15.0a0'
  url: https://repo.anaconda.com/pkgs/main/win-64/lerc-3.0-hd77b12b_0.conda
  hash:
    md5: f90216a0e38142a29c2693d4dad13fbe
    sha256: e5f3db3a585bac3c94c506c3d6d3a94b6333511237ab470cb30b3cee6971881f
  category: main
  optional: false
- name: libcublas
  version: 12.1.0.26
  manager: conda
  platform: win-64
  dependencies: {}
  url: https://conda.anaconda.org/nvidia/win-64/libcublas-12.1.0.26-0.tar.bz2
  hash:
    md5: 99cc8d3d5d8e841c1c362f9b45e6e5a1
    sha256: 79dda4a6227bcd2c50cee447aa39b5be8d6451be6607bc20e265c7d271464f92
  category: main
  optional: false
- name: libcublas-dev
  version: 12.1.0.26
  manager: conda
  platform: win-64
  dependencies:
    libcublas: '>=12.1.0.26'
  url: https://conda.anaconda.org/nvidia/win-64/libcublas-dev-12.1.0.26-0.tar.bz2
  hash:
    md5: fe5a9284f9120854215f322e0c7c45d6
    sha256: a18e37c2bd16474e9b0806aa5552db25536a8f56d911ca738e1bb7b014dc968d
  category: main
  optional: false
- name: libcufft
  version: 11.0.2.4
  manager: conda
  platform: win-64
  dependencies: {}
  url: https://conda.anaconda.org/nvidia/win-64/libcufft-11.0.2.4-0.tar.bz2
  hash:
    md5: 485535f3e422a1815a116c0b7439c233
    sha256: 38164059ede3560f6491a424665bed9c6f3f446c9db4b0036ef28069ef48dcb0
  category: main
  optional: false
- name: libcufft-dev
  version: 11.0.2.4
  manager: conda
  platform: win-64
  dependencies:
    libcufft: '>=11.0.2.4'
  url: https://conda.anaconda.org/nvidia/win-64/libcufft-dev-11.0.2.4-0.tar.bz2
  hash:
    md5: 30c8e6f9975a8fab3275bf4f51a32af8
    sha256: 85154710f7a0da0cbdfbd7f1a06c4af72f98aebe61e3c0fa9e689b9d24981786
  category: main
  optional: false
- name: libcurand
  version: 10.3.5.119
  manager: conda
  platform: win-64
  dependencies: {}
  url: https://conda.anaconda.org/nvidia/win-64/libcurand-10.3.5.119-0.tar.bz2
  hash:
    md5: 2a178649a2697576f42620597993fcf8
    sha256: fad526eddc6766e3a16f7d227cfaa24918f1da17a7dff7253f3373c1cb05c4d8
  category: main
  optional: false
- name: libcurand-dev
  version: 10.3.5.119
  manager: conda
  platform: win-64
  dependencies:
    libcurand: '>=10.3.5.119'
  url: https://conda.anaconda.org/nvidia/win-64/libcurand-dev-10.3.5.119-0.tar.bz2
  hash:
    md5: 9bb56351a48d9bd5cd1019d3b23e7d9c
    sha256: b65fafd2eb141b2867980490af9e905deb0dafb4d12ec47a3861a96cdc93f23d
  category: main
  optional: false
- name: libcusolver
  version: 11.4.4.55
  manager: conda
  platform: win-64
  dependencies: {}
  url: https://conda.anaconda.org/nvidia/win-64/libcusolver-11.4.4.55-0.tar.bz2
  hash:
    md5: 37372057df44ece5c6f1f990130e64ac
    sha256: 7a84eb9b785dc2ecaaab4aa1b9eacaef9d52d955055079f81ffc8af9142ee9ab
  category: main
  optional: false
- name: libcusolver-dev
  version: 11.4.4.55
  manager: conda
  platform: win-64
  dependencies:
    libcusolver: '>=11.4.4.55'
  url: https://conda.anaconda.org/nvidia/win-64/libcusolver-dev-11.4.4.55-0.tar.bz2
  hash:
    md5: cc1a5e2f244ae5edce5975f2fc7bcc64
    sha256: 25d07c25caa4247a9b06f80760caac553d6746f1d79e82df3f4fc1a667978e90
  category: main
  optional: false
- name: libcusparse
  version: 12.0.2.55
  manager: conda
  platform: win-64
  dependencies: {}
  url: https://conda.anaconda.org/nvidia/win-64/libcusparse-12.0.2.55-0.tar.bz2
  hash:
    md5: 2881f716a1e146dc751971549df99864
    sha256: 13013a59b1d9b6c1cdeb7cc3c8766875c64dc4799c281d217476ffdaf38193ab
  category: main
  optional: false
- name: libcusparse-dev
  version: 12.0.2.55
  manager: conda
  platform: win-64
  dependencies:
    libcusparse: '>=12.0.2.55'
  url: https://conda.anaconda.org/nvidia/win-64/libcusparse-dev-12.0.2.55-0.tar.bz2
  hash:
    md5: d1cb25ad739a0b9493f437f8f5b6ae54
    sha256: 2bda05db5ced35dd2877bbb55e90ea186ed2886d8cfdbc3d1f7542278211b255
  category: main
  optional: false
- name: libdeflate
  version: '1.17'
  manager: conda
  platform: win-64
  dependencies:
    vc: '>=14.1,<15.0a0'
    vs2015_runtime: '>=14.16.27012,<15.0a0'
  url: https://repo.anaconda.com/pkgs/main/win-64/libdeflate-1.17-h2bbff1b_1.conda
  hash:
    md5: 26d6d525865f56ef2a0b89acd92c0f89
    sha256: f992f20b0704cfad96e2076267a1cfa8631d81a5a579242cf607a312b03ecff2
  category: main
  optional: false
- name: libffi
  version: 3.4.4
  manager: conda
  platform: win-64
  dependencies:
    vc: '>=14.1,<15.0a0'
    vs2015_runtime: '>=14.16.27012,<15.0a0'
  url: https://repo.anaconda.com/pkgs/main/win-64/libffi-3.4.4-hd77b12b_0.conda
  hash:
    md5: 0a01fe57e6261e7c574e43f2b1385f48
    sha256: e794277146eedbce79b23dbc3cee877e9222bac756a9bbfec971a14a667d10cb
  category: main
  optional: false
- name: libjpeg-turbo
  version: 2.0.0
  manager: conda
  platform: win-64
  dependencies:
    vc: '>=14.1,<15.0a0'
    vs2015_runtime: '>=14.16.27012,<15.0a0'
  url: https://repo.anaconda.com/pkgs/main/win-64/libjpeg-turbo-2.0.0-h196d8e1_0.conda
  hash:
    md5: 5eab1ca57fd8b99a238ecf232af2f8d1
    sha256: cb354f0e5514c131fccf29c838e1a5f8f488eac2d3ad5a37cdab085d2ccec436
  category: main
  optional: false
- name: libnpp
  version: 12.0.2.50
  manager: conda
  platform: win-64
  dependencies: {}
  url: https://conda.anaconda.org/nvidia/win-64/libnpp-12.0.2.50-0.tar.bz2
  hash:
    md5: 67d3d8ea8018683f39d88befc10984bb
    sha256: ebea6c93d2a31c3516507651cf63e295c7e99561b1d7a6c3a2cbb049b23542a0
  category: main
  optional: false
- name: libnpp-dev
  version: 12.0.2.50
  manager: conda
  platform: win-64
  dependencies:
    libnpp: '>=12.0.2.50'
  url: https://conda.anaconda.org/nvidia/win-64/libnpp-dev-12.0.2.50-0.tar.bz2
  hash:
    md5: 1ad0362bb5522bbbf5d9f6b7b95806ce
    sha256: d75ef160b101440b5488bb028efbb9d6a99cc4b96c370e1ed79fc65c5fd3742c
  category: main
  optional: false
- name: libnvjitlink
  version: 12.1.105
  manager: conda
  platform: win-64
  dependencies: {}
  url: https://conda.anaconda.org/nvidia/win-64/libnvjitlink-12.1.105-0.tar.bz2
  hash:
    md5: 5d22c3eb256239d3d7bdd6d1b0692e81
    sha256: 5f36301f850daf71fc1e37b49e3ba8ae164a7de5fe808171954f135cc8b0c7e1
  category: main
  optional: false
- name: libnvjitlink-dev
  version: 12.1.105
  manager: conda
  platform: win-64
  dependencies:
    libnvjitlink: '>=12.1.105'
  url: https://conda.anaconda.org/nvidia/win-64/libnvjitlink-dev-12.1.105-0.tar.bz2
  hash:
    md5: da87b6fe9a2b714502473df50f1e01ec
    sha256: fc4c7db8f01bea092b6427c62ad38070827b40c8e14cd573928d41c9be725459
  category: main
  optional: false
- name: libnvjpeg
  version: 12.1.1.14
  manager: conda
  platform: win-64
  dependencies: {}
  url: https://conda.anaconda.org/nvidia/win-64/libnvjpeg-12.1.1.14-0.tar.bz2
  hash:
    md5: 2b6dd43dd132b06d4cc5953be5c25ae7
    sha256: a170efce680edff337f12c34fe32d30bf9dfea6c64c2e7513eacdface8e44032
  category: main
  optional: false
- name: libnvjpeg-dev
  version: 12.1.1.14
  manager: conda
  platform: win-64
  dependencies:
    libnvjpeg: '>=12.1.1.14'
  url: https://conda.anaconda.org/nvidia/win-64/libnvjpeg-dev-12.1.1.14-0.tar.bz2
  hash:
    md5: 91f433f954b60c6c011a3754d8ffbc00
    sha256: bd8ede1faa096b2721bc1b10f116c2fbcc347e341f9a1b0dbe317b5c373bfdee
  category: main
  optional: false
- name: libpng
  version: 1.6.39
  manager: conda
  platform: win-64
  dependencies:
    vc: '>=14.1,<15.0a0'
    vs2015_runtime: '>=14.16.27012,<15.0a0'
    zlib: '>=1.2.13,<1.3.0a0'
  url: https://repo.anaconda.com/pkgs/main/win-64/libpng-1.6.39-h8cc25b3_0.conda
  hash:
    md5: 60e1e5ca340a495e7e4200e911dd9fd9
    sha256: 5d198eff34305a24d23f471c20b06b0726eed402a0b57ff217023b29784949a1
  category: main
  optional: false
- name: libtiff
  version: 4.5.1
  manager: conda
  platform: win-64
  dependencies:
    jpeg: '>=9e,<10a'
    lerc: '>=3.0,<4.0a0'
    libdeflate: '>=1.17,<1.18.0a0'
    vc: '>=14.1,<15.0a0'
    vs2015_runtime: '>=14.16.27012,<15.0a0'
    xz: '>=5.2.4,<6.0a0'
    zlib: '>=1.2.13,<1.3.0a0'
    zstd: '>=1.5.2,<1.6.0a0'
  url: https://repo.anaconda.com/pkgs/main/win-64/libtiff-4.5.1-hd77b12b_0.conda
  hash:
    md5: 9af45ef85ab6fd0d27ed03046ed6f3a5
    sha256: e26a222672ac6594139444b6c8d54241210f742d63f994ee6b5e3e73c14eb726
  category: main
  optional: false
- name: libuv
  version: 1.44.2
  manager: conda
  platform: win-64
  dependencies:
    vc: '>=14.1,<15.0a0'
    vs2015_runtime: '>=14.16.27012,<15.0a0'
  url: https://repo.anaconda.com/pkgs/main/win-64/libuv-1.44.2-h2bbff1b_0.conda
  hash:
    md5: 6d463f03923c7ab79865e3ff57fc450e
    sha256: 5424223ce191cb69a40590052bee32bda9ea050c2e05593a9c998a42987674fc
  category: main
  optional: false
- name: libwebp-base
  version: 1.3.2
  manager: conda
  platform: win-64
  dependencies:
    vc: '>=14.1,<15.0a0'
    vs2015_runtime: '>=14.16.27012,<15.0a0'
  url: https://repo.anaconda.com/pkgs/main/win-64/libwebp-base-1.3.2-h2bbff1b_0.conda
  hash:
    md5: 6d83c1a76175955dc1033a643a17e65c
    sha256: 77fc4d6399a2d0bcabbba4abbc8e9482e59dc33f71b50f7f080db1e1b8ac897e
  category: main
  optional: false
- name: lz4-c
  version: 1.9.4
  manager: conda
  platform: win-64
  dependencies:
    vc: '>=14.1,<15.0a0'
    vs2015_runtime: '>=14.16.27012,<15.0a0'
  url: https://repo.anaconda.com/pkgs/main/win-64/lz4-c-1.9.4-h2bbff1b_0.conda
  hash:
    md5: 3f22ad4062b3087c6842f54bf88a1f4c
    sha256: b0e1ff7c14b5e022b287b2211c2d469d7bd053d09d5fa57cba22f23b883a4303
  category: main
  optional: false
- name: markupsafe
  version: 2.1.3
  manager: conda
  platform: win-64
  dependencies:
    python: '>=3.11,<3.12.0a0'
    vc: '>=14.1,<15.0a0'
    vs2015_runtime: '>=14.16.27012,<15.0a0'
  url: https://repo.anaconda.com/pkgs/main/win-64/markupsafe-2.1.3-py311h2bbff1b_0.conda
  hash:
    md5: a2a53324929b4ebb9536cf769d494d88
    sha256: 7b096ca6ba11be9628ba929a4c454061581b6ae694174c9a9fcbf3bac4c725ed
  category: main
  optional: false
- name: mkl
  version: 2023.1.0
  manager: conda
  platform: win-64
  dependencies:
    intel-openmp: 2023.*
    tbb: 2021.*
    vc: '>=14.1,<15.0a0'
    vs2015_runtime: '>=14.16.27012,<15.0a0'
  url: https://repo.anaconda.com/pkgs/main/win-64/mkl-2023.1.0-h6b88ed4_46358.conda
  hash:
    md5: 15d96e057d3e7150f5504ead12036788
    sha256: 2b06da1ae1ed81d9a798395604c7653365e2b197a078fde6fd47dc6218b730bb
  category: main
  optional: false
- name: mkl-service
  version: 2.4.0
  manager: conda
  platform: win-64
  dependencies:
    mkl: '>=2023.1.0,<2024.0a0'
    python: '>=3.11,<3.12.0a0'
    vc: '>=14.1,<15.0a0'
    vs2015_runtime: '>=14.16.27012,<15.0a0'
  url: https://repo.anaconda.com/pkgs/main/win-64/mkl-service-2.4.0-py311h2bbff1b_1.conda
  hash:
    md5: 523d11c7ccf28ff6fc8559ac4bfd9e16
    sha256: a49608aaf8fd6c4592b1d0891e018a496f9ce51f949e744b41aa29761d21e0c6
  category: main
  optional: false
- name: mkl_fft
  version: 1.3.8
  manager: conda
  platform: win-64
  dependencies:
    blas: '1.0'
    mkl: '>=2023.1.0,<2024.0a0'
    mkl-service: '>=2.3.0,<3.0a0'
    numpy: ''
    python: '>=3.11,<3.12.0a0'
    vc: '>=14.1,<15.0a0'
    vs2015_runtime: '>=14.16.27012,<15.0a0'
  url: https://repo.anaconda.com/pkgs/main/win-64/mkl_fft-1.3.8-py311h2bbff1b_0.conda
  hash:
    md5: 70b3c2ccbf7d16a4df7158acf79262db
    sha256: 1cdb606b4ce46e6996152f235e643f20188724d3707ba4e00f879512e4bc6590
  category: main
  optional: false
- name: mkl_random
  version: 1.2.4
  manager: conda
  platform: win-64
  dependencies:
    mkl: '>=2023.1.0,<2024.0a0'
    mkl-service: '>=2.3.0,<3.0a0'
    numpy: ''
    python: '>=3.11,<3.12.0a0'
    vc: '>=14.1,<15.0a0'
    vs2015_runtime: '>=14.16.27012,<15.0a0'
    blas: '*'
  url: https://repo.anaconda.com/pkgs/main/win-64/mkl_random-1.2.4-py311h59b6b97_0.conda
  hash:
    md5: a9c2deb31d72c93758e4867d47e57ba2
    sha256: 9254e85b1051e48898da8df7e625c87c96da8c9b4d3cd713e399f049a51dcba5
  category: main
  optional: false
- name: mpc
  version: 1.1.0
  manager: conda
  platform: win-64
  dependencies:
    mpfr: '>=4.0.2,<5.0a0'
    mpir: ''
    vc: '>=14.1,<15.0a0'
    vs2015_runtime: '>=14.16.27012,<15.0a0'
  url: https://repo.anaconda.com/pkgs/main/win-64/mpc-1.1.0-h7edee0f_1.conda
  hash:
    md5: 28e63ce0fc73626eacf9aaabc85e3215
    sha256: 4b6bdc2959b2e677ab88ee1e9f5fc3bd7215d0a9512c25fabd51b2e694b4402d
  category: main
  optional: false
- name: mpfr
  version: 4.0.2
  manager: conda
  platform: win-64
  dependencies:
    vc: '>=14.1,<15.0a0'
    vs2015_runtime: '>=14.16.27012,<15.0a0'
  url: https://repo.anaconda.com/pkgs/main/win-64/mpfr-4.0.2-h62dcd97_1.conda
  hash:
    md5: 0bc542cb4e51ea21068a94cb4c7e0b83
    sha256: b18fbd72da48026322d272a0704b97da5c9a49416c3532668448f455c9b13b73
  category: main
  optional: false
- name: mpir
  version: 3.0.0
  manager: conda
  platform: win-64
  dependencies:
    vc: 14.*
  url: https://repo.anaconda.com/pkgs/main/win-64/mpir-3.0.0-hec2e145_1.conda
  hash:
    md5: ad419df3beb25a55d29dc1ca8e407d48
    sha256: 61f3ce9696251a042f32056ba7329494e647f9af698ed91554b54c059bf71a22
  category: main
  optional: false
- name: mpmath
  version: 1.3.0
  manager: conda
  platform: win-64
  dependencies:
    python: '>=3.11,<3.12.0a0'
  url: https://repo.anaconda.com/pkgs/main/win-64/mpmath-1.3.0-py311haa95532_0.conda
  hash:
    md5: f80447287942c9576c489de930350a9f
    sha256: 5cf1bf003f818f3718531de01bf647213d73a6bfc1ff67a1903503eda6ee80d0
  category: main
  optional: false
- name: networkx
  version: '3.1'
  manager: conda
  platform: win-64
  dependencies:
    python: '>=3.11,<3.12.0a0'
  url: https://repo.anaconda.com/pkgs/main/win-64/networkx-3.1-py311haa95532_0.conda
  hash:
    md5: 9273ea4af75efda4d16a15b118eadafc
    sha256: 9bc7ac15b3386e4b4dbc562a62a5bf5405a0908b4437a5ac90ff20c76d2925fc
  category: main
  optional: false
- name: numpy
  version: 1.26.4
  manager: conda
  platform: win-64
  dependencies:
    blas: '1.0'
    mkl: '>=2023.1.0,<2024.0a0'
    mkl-service: '>=2.3.0,<3.0a0'
    mkl_fft: ''
    mkl_random: ''
    numpy-base: 1.26.4
    python: '>=3.11,<3.12.0a0'
    vc: '>=14.2,<15.0a0'
    vs2015_runtime: '>=14.27.29016,<15.0a0'
  url: https://repo.anaconda.com/pkgs/main/win-64/numpy-1.26.4-py311hdab7c0b_0.conda
  hash:
    md5: e2d5ad1d48c3f3715113285e56523e3f
    sha256: b578afc82214cf213b039109aba4097856b72f2b5396ef88d69482457e157519
  category: main
  optional: false
- name: numpy-base
  version: 1.26.4
  manager: conda
  platform: win-64
  dependencies:
    blas: '1.0'
    mkl: '>=2023.1.0,<2024.0a0'
    mkl-service: '>=2.3.0,<3.0a0'
    python: '>=3.11,<3.12.0a0'
    vc: '>=14.2,<15.0a0'
    vs2015_runtime: '>=14.27.29016,<15.0a0'
  url: https://repo.anaconda.com/pkgs/main/win-64/numpy-base-1.26.4-py311hd01c5d8_0.conda
  hash:
    md5: 33117d871d3008fcfea281c536423b12
    sha256: 70028589040e1064bad20bfc65019011cda32884eab7cb652298f9ea977e8fc9
  category: main
  optional: false
- name: openjpeg
  version: 2.4.0
  manager: conda
  platform: win-64
  dependencies:
    libpng: '>=1.6.37,<1.7.0a0'
    libtiff: '>=4.1.0,<5.0a0'
    vc: '>=14.1,<15.0a0'
    vs2015_runtime: '>=14.16.27012,<15.0a0'
  url: https://repo.anaconda.com/pkgs/main/win-64/openjpeg-2.4.0-h4fc8c34_0.conda
  hash:
    md5: e8c853905e5aad77f2eae17fdb3d6fb0
    sha256: 3c1666a27456b0aafad389875094921c7040677aac1024f7627152af579e2e86
  category: main
  optional: false
- name: openssl
  version: 3.0.13
  manager: conda
  platform: win-64
  dependencies:
    ca-certificates: ''
    vc: '>=14.1,<15.0a0'
    vs2015_runtime: '>=14.16.27012,<15.0a0'
  url: https://repo.anaconda.com/pkgs/main/win-64/openssl-3.0.13-h2bbff1b_0.conda
  hash:
    md5: d4507a6ac21b01c07d04b59ec379fd95
    sha256: 165504052f1083f271a10704687d65c8e5e830bab537c3795841f5de7e8de728
  category: main
  optional: false
- name: pillow
  version: 10.2.0
  manager: conda
  platform: win-64
  dependencies:
    freetype: '>=2.10.4,<3.0a0'
    jpeg: '>=9e,<10a'
    libtiff: '>=4.2.0,<5.0a0'
    libwebp-base: '>=1.3.2,<2.0a0'
    openjpeg: '>=2.3.0,<3.0a0'
    python: '>=3.11,<3.12.0a0'
    vc: '>=14.1,<15.0a0'
    vs2015_runtime: '>=14.16.27012,<15.0a0'
    zlib: '>=1.2.13,<1.3.0a0'
  url: https://repo.anaconda.com/pkgs/main/win-64/pillow-10.2.0-py311h2bbff1b_0.conda
  hash:
    md5: 5ff9132e1ef1c9719964c69c11cb27b2
    sha256: e6ad85027b2acb2a5897bd2d75676aeb341211c5cc03f7d734ba49b83ddc9229
  category: main
  optional: false
- name: pysocks
  version: 1.7.1
  manager: conda
  platform: win-64
  dependencies:
    python: '>=3.11,<3.12.0a0'
    win_inet_pton: ''
  url: https://repo.anaconda.com/pkgs/main/win-64/pysocks-1.7.1-py311haa95532_0.conda
  hash:
    md5: 83206dfd8eb48ddd4acb273a89a26bb6
    sha256: e69aeaf2ac152ab5d3dbaf9897760552457a87d4648334458740ea7dfdaab115
  category: main
  optional: false
- name: python
  version: 3.11.8
  manager: conda
  platform: win-64
  dependencies:
    bzip2: '>=1.0.8,<2.0a0'
    libffi: '>=3.4,<4.0a0'
    openssl: '>=3.0.13,<4.0a0'
    sqlite: '>=3.41.2,<4.0a0'
    tk: '>=8.6.12,<8.7.0a0'
    tzdata: ''
    vc: '>=14.1,<15.0a0'
    vs2015_runtime: '>=14.16.27012,<15.0a0'
    xz: '>=5.4.5,<6.0a0'
    zlib: '>=1.2.13,<1.3.0a0'
  url: https://repo.anaconda.com/pkgs/main/win-64/python-3.11.8-he1021f5_0.conda
  hash:
    md5: 0ace0f96a79244d057430454465bee4c
    sha256: 984dc81bd9057df09f9f3e83db31ef8f65e22fb5cc9d7c5e86a966aaa5ce513e
  category: main
  optional: false
- name: pytorch
  version: 2.2.2
  manager: conda
  platform: win-64
  dependencies:
    blas: '*'
    filelock: ''
    intel-openmp: ''
    jinja2: ''
    libuv: '>=1.44.2,<2.0a0'
    mkl: '>=2018'
    networkx: ''
    python: '>=3.11,<3.12.0a0'
    pytorch-cuda: '>=12.1,<12.2'
    pytorch-mutex: '1.0'
    pyyaml: ''
    sympy: ''
    typing_extensions: ''
  url: https://conda.anaconda.org/pytorch/win-64/pytorch-2.2.2-py3.11_cuda12.1_cudnn8_0.tar.bz2
  hash:
    md5: 805d6dc97dc394925ac7a4395480320c
    sha256: 9e11a92ec4cc0c2727f8630d403c40897993fe749d5f75937cfde0cb7e86de7e
  category: main
  optional: false
- name: pytorch-cuda
  version: '12.1'
  manager: conda
  platform: win-64
  dependencies:
    cuda-cudart: '>=12.1,<12.2'
    cuda-cudart-dev: '>=12.1,<12.2'
    cuda-cupti: '>=12.1,<12.2'
    cuda-libraries: '>=12.1,<12.2'
    cuda-libraries-dev: '>=12.1,<12.2'
    cuda-nvrtc: '>=12.1,<12.2'
    cuda-nvrtc-dev: '>=12.1,<12.2'
    cuda-nvtx: '>=12.1,<12.2'
    cuda-runtime: '>=12.1,<12.2'
    libcublas: '>=12.1.0.26,<12.1.3.1'
    libcublas-dev: '>=12.1.0.26,<12.1.3.1'
    libcufft: '>=11.0.2.4,<11.0.2.54'
    libcufft-dev: '>=11.0.2.4,<11.0.2.54'
    libcusolver: '>=11.4.4.55,<11.4.5.107'
    libcusolver-dev: '>=11.4.4.55,<11.4.5.107'
    libcusparse: '>=12.0.2.55,<12.1.0.106'
    libcusparse-dev: '>=12.0.2.55,<12.1.0.106'
    libnpp: '>=12.0.2.50,<12.1.0.40'
    libnpp-dev: '>=12.0.2.50,<12.1.0.40'
    libnvjitlink: '>=12.1.105,<12.2.0'
    libnvjpeg: '>=12.1.0.39,<12.2.0.2'
    libnvjpeg-dev: '>=12.1.0.39,<12.2.0.2'
  url: https://conda.anaconda.org/pytorch/win-64/pytorch-cuda-12.1-hde6ce7c_5.tar.bz2
  hash:
    md5: 75f7e938393bda8ce08c21d2510a48f9
    sha256: 53fbf9d98046db7f4dc156c9967a9ce273c1bf38697eaeb9fa11143b21ab1348
  category: main
  optional: false
- name: pytorch-mutex
  version: '1.0'
  manager: conda
  platform: win-64
  dependencies: {}
  url: https://conda.anaconda.org/pytorch/noarch/pytorch-mutex-1.0-cuda.tar.bz2
  hash:
    md5: a948316e36fb5b11223b3fcfa93f8358
    sha256: c16316183f51b74ca5eee4dcb8631052f328c0bbf244176734a0b7d390b81ee3
  category: main
  optional: false
- name: pyyaml
  version: 6.0.1
  manager: conda
  platform: win-64
  dependencies:
    python: '>=3.11,<3.12.0a0'
    vc: '>=14.1,<15.0a0'
    vs2015_runtime: '>=14.16.27012,<15.0a0'
    yaml: '>=0.2.5,<0.3.0a0'
  url: https://repo.anaconda.com/pkgs/main/win-64/pyyaml-6.0.1-py311h2bbff1b_0.conda
  hash:
    md5: 9601585fe6c20331d2d9ffe9cf8992bb
    sha256: dcecb958d33f0a65c0ef6462274677bd338c565783649adbd61142f24587330c
  category: main
  optional: false
- name: requests
  version: 2.31.0
  manager: conda
  platform: win-64
  dependencies:
    certifi: '>=2017.4.17'
    charset-normalizer: '>=2,<4'
    idna: '>=2.5,<4'
    python: '>=3.11,<3.12.0a0'
    urllib3: '>=1.21.1,<3'
  url: https://repo.anaconda.com/pkgs/main/win-64/requests-2.31.0-py311haa95532_1.conda
  hash:
    md5: b047a8a949548c1ae1fcd3428cc5b9ec
    sha256: 5f89a92eb091a6ddabd54066e1b14bdb75a69d05a31fb56692ec95ec46437af9
  category: main
  optional: false
- name: sqlite
  version: 3.41.2
  manager: conda
  platform: win-64
  dependencies:
    vc: '>=14.1,<15.0a0'
    vs2015_runtime: '>=14.16.27012,<15.0a0'
  url: https://repo.anaconda.com/pkgs/main/win-64/sqlite-3.41.2-h2bbff1b_0.conda
  hash:
    md5: eefb61a5b27aeb8c00f642290fd3375f
    sha256: c57645efa4272ad1563a8a5e2e52c5d89f470d59dfc28b55ccb5db67250ad293
  category: main
  optional: false
- name: sympy
  version: '1.12'
  manager: conda
  platform: win-64
  dependencies:
    gmpy2: '>=2.0.8'
    mpmath: '>=0.19'
    python: '>=3.11,<3.12.0a0'
  url: https://repo.anaconda.com/pkgs/main/win-64/sympy-1.12-py311haa95532_0.conda
  hash:
    md5: e0131ac61149eaf211927605a919f5e3
    sha256: 4640162dc72519dccdb76ffa9aceef2ed5477a648ac5f0ab7e02108a7d9325b2
  category: main
  optional: false
- name: tbb
  version: 2021.8.0
  manager: conda
  platform: win-64
  dependencies:
    vc: '>=14.1,<15.0a0'
    vs2015_runtime: '>=14.16.27012,<15.0a0'
  url: https://repo.anaconda.com/pkgs/main/win-64/tbb-2021.8.0-h59b6b97_0.conda
  hash:
    md5: aa60f11c1789a50a20be2e657e31513a
    sha256: 3856c9fc5fc42c10d8a765e3277c3739bfcf009713f2aca33c025f7645bb9d89
  category: main
  optional: false
- name: tk
  version: 8.6.12
  manager: conda
  platform: win-64
  dependencies:
    vc: '>=14.1,<15.0a0'
    vs2015_runtime: '>=14.16.27012,<15.0a0'
  url: https://repo.anaconda.com/pkgs/main/win-64/tk-8.6.12-h2bbff1b_0.conda
  hash:
    md5: 3e6f2cd798aea9f886970b61dad14304
    sha256: d66e336b291afef281c6e320380313f10d396df392f169f5bbcea04dfcbf9e1b
  category: main
  optional: false
- name: torchaudio
  version: 2.2.2
  manager: conda
  platform: win-64
  dependencies:
    numpy: ''
    python: '>=3.11,<3.12.0a0'
    pytorch: 2.2.2
    pytorch-cuda: 12.1.*
    pytorch-mutex: '1.0'
    vc: '>=14.2,<15.0a0'
    vs2015_runtime: '>=14.27.29016,<15.0a0'
  url: https://conda.anaconda.org/pytorch/win-64/torchaudio-2.2.2-py311_cu121.tar.bz2
  hash:
    md5: e6fd8d8946d8931ee761fb7d4547d5ee
    sha256: 4374974ef5aaf951a6cdb42784b88725b17f839e98dbb19a136a6c0c250f72d5
  category: main
  optional: false
- name: torchvision
  version: 0.17.2
  manager: conda
  platform: win-64
  dependencies:
    libjpeg-turbo: ''
    libpng: ''
    numpy: '>=1.23.5'
    pillow: '>=5.3.0,!=8.3.*'
    python: '>=3.11,<3.12.0a0'
    pytorch: 2.2.2
    pytorch-cuda: 12.1.*
    pytorch-mutex: '1.0'
    requests: ''
    vc: '>=14.2,<15.0a0'
    vs2015_runtime: '>=14.27.29016,<15.0a0'
  url: https://conda.anaconda.org/pytorch/win-64/torchvision-0.17.2-py311_cu121.tar.bz2
  hash:
    md5: 549cc787b1e2f5aba48581c8c0286632
    sha256: fb131f713158805f2b46767ad83853b565d912195e9208983234b6803cca3274
  category: main
  optional: false
- name: typing_extensions
  version: 4.9.0
  manager: conda
  platform: win-64
  dependencies:
    python: '>=3.11,<3.12.0a0'
  url: https://repo.anaconda.com/pkgs/main/win-64/typing_extensions-4.9.0-py311haa95532_1.conda
  hash:
    md5: f99aafb005c5c68f71ee84ed2a3b053c
    sha256: 40abfbfaa17c9fc180264de0acc9719af1bdaf2d5542e5c7ef173ad0c4e7ae78
  category: main
  optional: false
- name: tzdata
  version: 2024a
  manager: conda
  platform: win-64
  dependencies: {}
  url: https://repo.anaconda.com/pkgs/main/noarch/tzdata-2024a-h04d1e81_0.conda
  hash:
    md5: 452af53adae0a5b06eb5d05c707b2f25
    sha256: ca9dbf30f1614a4eea02c7929d0988c237dd9e39e546d3546ba80186d2038619
  category: main
  optional: false
- name: urllib3
  version: 2.1.0
  manager: conda
  platform: win-64
  dependencies:
    brotli-python: '>=1.0.9'
    pysocks: '>=1.5.6,<2.0,!=1.5.7'
    python: '>=3.11,<3.12.0a0'
  url: https://repo.anaconda.com/pkgs/main/win-64/urllib3-2.1.0-py311haa95532_1.conda
  hash:
    md5: 5eedf672172aa13f33f16c2cc3ce5372
    sha256: bd80f7441455160cfaf4c53be363d2b4bab603d721ec5a2428992b22a783b17f
  category: main
  optional: false
- name: vc
  version: '14.2'
  manager: conda
  platform: win-64
  dependencies:
    vs2015_runtime: '>=14.27.29016'
  url: https://repo.anaconda.com/pkgs/main/win-64/vc-14.2-h21ff451_1.conda
  hash:
    md5: a8c870bfc2551c262800527f2107d0f3
    sha256: 023b5cee28e68c6e85bbdd023d98412dfc23c8e02cccc5d2aacf32c33e9b96d5
  category: main
  optional: false
- name: vs2015_runtime
  version: 14.27.29016
  manager: conda
  platform: win-64
  dependencies: {}
  url: https://repo.anaconda.com/pkgs/main/win-64/vs2015_runtime-14.27.29016-h5e58377_2.conda
  hash:
    md5: 9e3f8ea1096e174541ac86f5fc73fc3d
    sha256: 1c1051419804770f513610d2d4fd4db4e7902591b803e9babb3358d16a1e1b2e
  category: main
  optional: false
- name: win_inet_pton
  version: 1.1.0
  manager: conda
  platform: win-64
  dependencies:
    python: '>=3.11,<3.12.0a0'
  url: https://repo.anaconda.com/pkgs/main/win-64/win_inet_pton-1.1.0-py311haa95532_0.conda
  hash:
    md5: c14f98db9c0491c2ec282eb5af3b4f67
    sha256: c368b2e32e464a5e6ab6e1985ea38dfaad995b7de2da511a25ffd255dd6b7c5f
  category: main
  optional: false
- name: xz
  version: 5.4.6
  manager: conda
  platform: win-64
  dependencies:
    vc: '>=14.1,<15.0a0'
    vs2015_runtime: '>=14.16.27012,<15.0a0'
  url: https://repo.anaconda.com/pkgs/main/win-64/xz-5.4.6-h8cc25b3_0.conda
  hash:
    md5: 313774ab79e0d1d6461c213d21417db0
    sha256: fc2b619cf07e54f8d66cbdd233431fa74f5d695e8b75c0a1a23547cf2b3f65b2
  category: main
  optional: false
- name: yaml
  version: 0.2.5
  manager: conda
  platform: win-64
  dependencies:
    vc: '>=14.1,<15.0a0'
    vs2015_runtime: '>=14.16.27012,<15.0a0'
  url: https://repo.anaconda.com/pkgs/main/win-64/yaml-0.2.5-he774522_0.conda
  hash:
    md5: 959a63017c520ef9d345bd82ab344e3e
    sha256: e197edaa90488491bd6e0eaa51329d2d93242c6acd7d0aa7b0351d4b24412368
  category: main
  optional: false
- name: zlib
  version: 1.2.13
  manager: conda
  platform: win-64
  dependencies:
    vc: '>=14.1,<15.0a0'
    vs2015_runtime: '>=14.16.27012,<15.0a0'
  url: https://repo.anaconda.com/pkgs/main/win-64/zlib-1.2.13-h8cc25b3_0.conda
  hash:
    md5: 93432f34cf66a0153947825ed4fbd69f
    sha256: af28437d7bbce2beaa058d7882c3e4b6b264a1e0ce9b9aa604e21cf5e57f09d3
  category: main
  optional: false
- name: zstd
  version: 1.5.5
  manager: conda
  platform: win-64
  dependencies:
    lz4-c: '>=1.9.4,<1.10.0a0'
    vc: '>=14.1,<15.0a0'
    vs2015_runtime: '>=14.16.27012,<15.0a0'
    xz: '>=5.2.10,<6.0a0'
    zlib: '>=1.2.13,<1.3.0a0'
  url: https://repo.anaconda.com/pkgs/main/win-64/zstd-1.5.5-hd43e919_0.conda
  hash:
    md5: 61b09dfb209667f7558f7c3cd92c1367
    sha256: 1d539b73b97a659a1c87e575093c6150f49b216fff7e101122de696b90548d9e
  category: main
  optional: false
